
Microsoft Visual Studio Solution File, Format Version 12.00
# Visual Studio Version 16
VisualStudioVersion = 16.0.30717.126
MinimumVisualStudioVersion = 10.0.40219.1
Project("{9A19103F-16F7-4668-BE54-9A1E7A4F7556}") = "CO1", "CO1\CO1.csproj", "{6A34BA37-C4ED-4829-819D-87106E7C3808}"
EndProject
Project("{FAE04EC0-301F-11D3-BF4B-00C04F79EFBC}") = "Tests", "Tests\Tests.csproj", "{2B6116DC-12C8-4138-9DFE-A62A6BADB4F3}"
EndProject
Global
	GlobalSection(SolutionConfigurationPlatforms) = preSolution
		Debug|Any CPU = Debug|Any CPU
		Release|Any CPU = Release|Any CPU
	EndGlobalSection
	GlobalSection(ProjectConfigurationPlatforms) = postSolution
		{6A34BA37-C4ED-4829-819D-87106E7C3808}.Debug|Any CPU.ActiveCfg = Debug|Any CPU
		{6A34BA37-C4ED-4829-819D-87106E7C3808}.Debug|Any CPU.Build.0 = Debug|Any CPU
		{6A34BA37-C4ED-4829-819D-87106E7C3808}.Release|Any CPU.ActiveCfg = Release|Any CPU
		{6A34BA37-C4ED-4829-819D-87106E7C3808}.Release|Any CPU.Build.0 = Release|Any CPU
		{2B6116DC-12C8-4138-9DFE-A62A6BADB4F3}.Debug|Any CPU.ActiveCfg = Debug|Any CPU
		{2B6116DC-12C8-4138-9DFE-A62A6BADB4F3}.Debug|Any CPU.Build.0 = Debug|Any CPU
		{2B6116DC-12C8-4138-9DFE-A62A6BADB4F3}.Release|Any CPU.ActiveCfg = Release|Any CPU
		{2B6116DC-12C8-4138-9DFE-A62A6BADB4F3}.Release|Any CPU.Build.0 = Release|Any CPU
	EndGlobalSection
	GlobalSection(SolutionProperties) = preSolution
		HideSolutionNode = FALSE
	EndGlobalSection
	GlobalSection(ExtensibilityGlobals) = postSolution
		SolutionGuid = {83C7E3CC-F156-42D9-8F42-DF4440C639F9}
	EndGlobalSection
EndGlobal
